
Microsoft Visual Studio Solution File, Format Version 12.00
# Visual Studio Version 17
VisualStudioVersion = 17.14.36327.8
MinimumVisualStudioVersion = 10.0.40219.1
Project("{9A19103F-16F7-4668-BE54-9A1E7A4F7556}") = "Html5DomTest.Core", "Html5DomTest\Html5DomTest.Core.csproj", "{76616C94-6FF3-46C8-B9DF-9CF8DB40471C}"
EndProject
Project("{9A19103F-16F7-4668-BE54-9A1E7A4F7556}") = "HtmlDocCleaner.Core", "HtmlDocCleaner\HtmlDocCleaner.Core.csproj", "{EAAB4A38-16B2-434C-BDA0-EE47E0CE89CC}"
EndProject
Project("{9A19103F-16F7-4668-BE54-9A1E7A4F7556}") = "HtmlDocToolTest.Core", "HtmlDocToolTest\HtmlDocToolTest.Core.csproj", "{21D1DFC0-4436-4387-AAD1-EDB70BE78796}"
EndProject
Project("{9A19103F-16F7-4668-BE54-9A1E7A4F7556}") = "HtmlPrivateTest.Core", "HtmlPrivateTest\HtmlPrivateTest.Core.csproj", "{EA043F24-E645-4F83-A4F8-D35A5ED4AF9D}"
EndProject
Project("{FAE04EC0-301F-11D3-BF4B-00C04F79EFBC}") = "DomWalker.Standard", "DomWalker\DomWalker.Standard.csproj", "{310E90F8-F3EF-8859-1875-1BA6C047B96B}"
EndProject
Project("{FAE04EC0-301F-11D3-BF4B-00C04F79EFBC}") = "Html5DomWalker.Standard", "Html5DomWalker\Html5DomWalker.Standard.csproj", "{E4D9C608-26D2-C371-8FF4-8F2C159C1F07}"
EndProject
Project("{FAE04EC0-301F-11D3-BF4B-00C04F79EFBC}") = "HtmlTest.Core", "HtmlTest\HtmlTest.Core.csproj", "{129ED936-1BFB-28D7-E550-82CEC58837C2}"
EndProject
Project("{FAE04EC0-301F-11D3-BF4B-00C04F79EFBC}") = "HtmlWalker.Standard", "HtmlWalker\HtmlWalker.Standard.csproj", "{5717D06A-7147-9013-58EC-0300F257748F}"
EndProject
Project("{FAE04EC0-301F-11D3-BF4B-00C04F79EFBC}") = "XhtmlDomTest.Core", "XhtmlDomTest\XhtmlDomTest.Core.csproj", "{65D850EF-FF29-3FD1-A982-BF0C1A988823}"
EndProject
Project("{FAE04EC0-301F-11D3-BF4B-00C04F79EFBC}") = "XhtmlDomWalker.Standard", "XhtmlDomWalker\XhtmlDomWalker.Standard.csproj", "{16864782-BDA8-738E-678A-75C0B76C14EB}"
EndProject
Project("{FAE04EC0-301F-11D3-BF4B-00C04F79EFBC}") = "XhtmlXsd.Standard", "XhtmlXsd\XhtmlXsd.Standard.csproj", "{036C393A-B292-7EEB-E805-5BF9AFF6DD03}"
EndProject
Global
	GlobalSection(SolutionConfigurationPlatforms) = preSolution
		Debug|Any CPU = Debug|Any CPU
		Release|Any CPU = Release|Any CPU
	EndGlobalSection
	GlobalSection(ProjectConfigurationPlatforms) = postSolution
		{76616C94-6FF3-46C8-B9DF-9CF8DB40471C}.Debug|Any CPU.ActiveCfg = Debug|Any CPU
		{76616C94-6FF3-46C8-B9DF-9CF8DB40471C}.Debug|Any CPU.Build.0 = Debug|Any CPU
		{76616C94-6FF3-46C8-B9DF-9CF8DB40471C}.Release|Any CPU.ActiveCfg = Release|Any CPU
		{76616C94-6FF3-46C8-B9DF-9CF8DB40471C}.Release|Any CPU.Build.0 = Release|Any CPU
		{EAAB4A38-16B2-434C-BDA0-EE47E0CE89CC}.Debug|Any CPU.ActiveCfg = Debug|Any CPU
		{EAAB4A38-16B2-434C-BDA0-EE47E0CE89CC}.Debug|Any CPU.Build.0 = Debug|Any CPU
		{EAAB4A38-16B2-434C-BDA0-EE47E0CE89CC}.Release|Any CPU.ActiveCfg = Release|Any CPU
		{EAAB4A38-16B2-434C-BDA0-EE47E0CE89CC}.Release|Any CPU.Build.0 = Release|Any CPU
		{21D1DFC0-4436-4387-AAD1-EDB70BE78796}.Debug|Any CPU.ActiveCfg = Debug|Any CPU
		{21D1DFC0-4436-4387-AAD1-EDB70BE78796}.Debug|Any CPU.Build.0 = Debug|Any CPU
		{21D1DFC0-4436-4387-AAD1-EDB70BE78796}.Release|Any CPU.ActiveCfg = Release|Any CPU
		{21D1DFC0-4436-4387-AAD1-EDB70BE78796}.Release|Any CPU.Build.0 = Release|Any CPU
		{EA043F24-E645-4F83-A4F8-D35A5ED4AF9D}.Debug|Any CPU.ActiveCfg = Debug|Any CPU
		{EA043F24-E645-4F83-A4F8-D35A5ED4AF9D}.Debug|Any CPU.Build.0 = Debug|Any CPU
		{EA043F24-E645-4F83-A4F8-D35A5ED4AF9D}.Release|Any CPU.ActiveCfg = Release|Any CPU
		{EA043F24-E645-4F83-A4F8-D35A5ED4AF9D}.Release|Any CPU.Build.0 = Release|Any CPU
		{310E90F8-F3EF-8859-1875-1BA6C047B96B}.Debug|Any CPU.ActiveCfg = Debug|Any CPU
		{310E90F8-F3EF-8859-1875-1BA6C047B96B}.Debug|Any CPU.Build.0 = Debug|Any CPU
		{310E90F8-F3EF-8859-1875-1BA6C047B96B}.Release|Any CPU.ActiveCfg = Release|Any CPU
		{310E90F8-F3EF-8859-1875-1BA6C047B96B}.Release|Any CPU.Build.0 = Release|Any CPU
		{E4D9C608-26D2-C371-8FF4-8F2C159C1F07}.Debug|Any CPU.ActiveCfg = Debug|Any CPU
		{E4D9C608-26D2-C371-8FF4-8F2C159C1F07}.Debug|Any CPU.Build.0 = Debug|Any CPU
		{E4D9C608-26D2-C371-8FF4-8F2C159C1F07}.Release|Any CPU.ActiveCfg = Release|Any CPU
		{E4D9C608-26D2-C371-8FF4-8F2C159C1F07}.Release|Any CPU.Build.0 = Release|Any CPU
		{129ED936-1BFB-28D7-E550-82CEC58837C2}.Debug|Any CPU.ActiveCfg = Debug|Any CPU
		{129ED936-1BFB-28D7-E550-82CEC58837C2}.Debug|Any CPU.Build.0 = Debug|Any CPU
		{129ED936-1BFB-28D7-E550-82CEC58837C2}.Release|Any CPU.ActiveCfg = Release|Any CPU
		{129ED936-1BFB-28D7-E550-82CEC58837C2}.Release|Any CPU.Build.0 = Release|Any CPU
		{5717D06A-7147-9013-58EC-0300F257748F}.Debug|Any CPU.ActiveCfg = Debug|Any CPU
		{5717D06A-7147-9013-58EC-0300F257748F}.Debug|Any CPU.Build.0 = Debug|Any CPU
		{5717D06A-7147-9013-58EC-0300F257748F}.Release|Any CPU.ActiveCfg = Release|Any CPU
		{5717D06A-7147-9013-58EC-0300F257748F}.Release|Any CPU.Build.0 = Release|Any CPU
		{65D850EF-FF29-3FD1-A982-BF0C1A988823}.Debug|Any CPU.ActiveCfg = Debug|Any CPU
		{65D850EF-FF29-3FD1-A982-BF0C1A988823}.Debug|Any CPU.Build.0 = Debug|Any CPU
		{65D850EF-FF29-3FD1-A982-BF0C1A988823}.Release|Any CPU.ActiveCfg = Release|Any CPU
		{65D850EF-FF29-3FD1-A982-BF0C1A988823}.Release|Any CPU.Build.0 = Release|Any CPU
		{16864782-BDA8-738E-678A-75C0B76C14EB}.Debug|Any CPU.ActiveCfg = Debug|Any CPU
		{16864782-BDA8-738E-678A-75C0B76C14EB}.Debug|Any CPU.Build.0 = Debug|Any CPU
		{16864782-BDA8-738E-678A-75C0B76C14EB}.Release|Any CPU.ActiveCfg = Release|Any CPU
		{16864782-BDA8-738E-678A-75C0B76C14EB}.Release|Any CPU.Build.0 = Release|Any CPU
		{036C393A-B292-7EEB-E805-5BF9AFF6DD03}.Debug|Any CPU.ActiveCfg = Debug|Any CPU
		{036C393A-B292-7EEB-E805-5BF9AFF6DD03}.Debug|Any CPU.Build.0 = Debug|Any CPU
		{036C393A-B292-7EEB-E805-5BF9AFF6DD03}.Release|Any CPU.ActiveCfg = Release|Any CPU
		{036C393A-B292-7EEB-E805-5BF9AFF6DD03}.Release|Any CPU.Build.0 = Release|Any CPU
	EndGlobalSection
	GlobalSection(SolutionProperties) = preSolution
		HideSolutionNode = FALSE
	EndGlobalSection
	GlobalSection(ExtensibilityGlobals) = postSolution
		SolutionGuid = {F5922468-2950-4F3F-B615-CD9CC7585861}
	EndGlobalSection
EndGlobal
